
Microsoft Visual Studio Solution File, Format Version 12.00
# Visual Studio Version 16
VisualStudioVersion = 16.0.29613.14
MinimumVisualStudioVersion = 10.0.40219.1
Project("{FAE04EC0-301F-11D3-BF4B-00C04F79EFBC}") = "Chilong", "Chilong.csproj", "{66BCDDB5-7348-471C-9273-80B47BC12D15}"
EndProject
Global
	GlobalSection(SolutionConfigurationPlatforms) = preSolution
		Debug|Any CPU = Debug|Any CPU
		Release|Any CPU = Release|Any CPU
	EndGlobalSection
	GlobalSection(ProjectConfigurationPlatforms) = postSolution
		{66BCDDB5-7348-471C-9273-80B47BC12D15}.Debug|Any CPU.ActiveCfg = Debug|Any CPU
		{66BCDDB5-7348-471C-9273-80B47BC12D15}.Debug|Any CPU.Build.0 = Debug|Any CPU
		{66BCDDB5-7348-471C-9273-80B47BC12D15}.Release|Any CPU.ActiveCfg = Release|Any CPU
		{66BCDDB5-7348-471C-9273-80B47BC12D15}.Release|Any CPU.Build.0 = Release|Any CPU
	EndGlobalSection
	GlobalSection(SolutionProperties) = preSolution
		HideSolutionNode = FALSE
	EndGlobalSection
	GlobalSection(ExtensibilityGlobals) = postSolution
		SolutionGuid = {5C4943C9-B666-495B-8960-45F9B75A49EA}
	EndGlobalSection
EndGlobal
